<?xml version="1.0" encoding="utf-8"?>
<Project ToolsVersion="4.0" xmlns="http://schemas.microsoft.com/developer/msbuild/2003">
  <ItemGroup>
    <Filter Include="Source Files">
      <UniqueIdentifier>{4FC737F1-C7A5-4376-A066-2A32D752A2FF}</UniqueIdentifier>
      <Extensions>cpp;c;cc;cxx;c++;cppm;ixx;def;odl;idl;hpj;bat;asm;asmx</Extensions>
    </Filter>
    <Filter Include="Header Files">
      <UniqueIdentifier>{93995380-89BD-4b04-88EB-625FBE52EBFB}</UniqueIdentifier>
      <Extensions>h;hh;hpp;hxx;h++;hm;inl;inc;ipp;xsd</Extensions>
    </Filter>
    <Filter Include="Resource Files">
      <UniqueIdentifier>{67DA6AB6-F800-4c08-8B7A-83BB121AAD01}</UniqueIdentifier>
      <Extensions>rc;ico;cur;bmp;dlg;rc2;rct;bin;rgs;gif;jpg;jpeg;jpe;resx;tiff;tif;png;wav;mfcribbon-ms</Extensions>
    </Filter>
  </ItemGroup>
  <ItemGroup>
    <ClCompile Include="pyramid.cpp">
      <Filter>Source Files</Filter>
    </ClCompile>
    <ClCompile Include="main.c">
      <Filter>Source Files</Filter>
    </ClCompile>
    <ClCompile Include="sketch.cpp">
      <Filter>Source Files</Filter>
    </ClCompile>
    <ClCompile Include="..\..\..\카카오톡 받은 파일\pyramid.c">
      <Filter>Source Files</Filter>
    </ClCompile>
    <ClCompile Include="stack.cpp">
      <Filter>Source Files</Filter>
    </ClCompile>
    <ClCompile Include="stacker.cpp">
      <Filter>Source Files</Filter>
    </ClCompile>
    <ClCompile Include="remind.cpp">
      <Filter>Source Files</Filter>
    </ClCompile>
    <ClCompile Include="main.cpp">
      <Filter>Source Files</Filter>
    </ClCompile>
    <ClCompile Include="randomwalk.cpp">
      <Filter>Source Files</Filter>
    </ClCompile>
    <ClCompile Include="stonewt.cpp">
      <Filter>Source Files</Filter>
    </ClCompile>
    <ClCompile Include="tannis.cpp">
      <Filter>Source Files</Filter>
    </ClCompile>
    <ClCompile Include="useTannis.cpp">
      <Filter>Source Files</Filter>
    </ClCompile>
    <ClCompile Include="brass.cpp">
      <Filter>Source Files</Filter>
    </ClCompile>
    <ClCompile Include="useBrass1.cpp">
      <Filter>Source Files</Filter>
    </ClCompile>
    <ClCompile Include="useBrass2.cpp">
      <Filter>Source Files</Filter>
    </ClCompile>
    <ClCompile Include="acctabc.cpp">
      <Filter>Source Files</Filter>
    </ClCompile>
    <ClCompile Include="useBrass3.cpp">
      <Filter>Source Files</Filter>
    </ClCompile>
    <ClCompile Include="dma.cpp">
      <Filter>Source Files</Filter>
    </ClCompile>
  </ItemGroup>
  <ItemGroup>
    <ClInclude Include="sample.h">
      <Filter>Header Files</Filter>
    </ClInclude>
    <ClInclude Include="coordin.h">
      <Filter>Header Files</Filter>
    </ClInclude>
    <ClInclude Include="golf.h">
      <Filter>Header Files</Filter>
    </ClInclude>
    <ClInclude Include="stack.h">
      <Filter>Header Files</Filter>
    </ClInclude>
    <ClInclude Include="remind.h">
      <Filter>Header Files</Filter>
    </ClInclude>
    <ClInclude Include="custom.h">
      <Filter>Header Files</Filter>
    </ClInclude>
    <ClInclude Include="tannis.h">
      <Filter>Header Files</Filter>
    </ClInclude>
    <ClInclude Include="brass.h">
      <Filter>Header Files</Filter>
    </ClInclude>
    <ClInclude Include="acctabc.h">
      <Filter>Header Files</Filter>
    </ClInclude>
    <ClInclude Include="useBrass3.h">
      <Filter>Header Files</Filter>
    </ClInclude>
    <ClInclude Include="dma.h">
      <Filter>Header Files</Filter>
    </ClInclude>
  </ItemGroup>
</Project>